
Microsoft Visual Studio Solution File, Format Version 11.00
# Visual Studio 2010
Project("{FAE04EC0-301F-11D3-BF4B-00C04F79EFBC}") = "NLH", "NLH\NLH.csproj", "{7B9B655D-DCE4-4E2F-8DF0-B342135E2EEB}"
EndProject
Project("{FAE04EC0-301F-11D3-BF4B-00C04F79EFBC}") = "NLH_DLL", "NLH_DLL\NLH_DLL.csproj", "{1C6781D5-A9DE-464A-A9CA-5511525753AE}"
EndProject
Global
	GlobalSection(SolutionConfigurationPlatforms) = preSolution
		Debug|Any CPU = Debug|Any CPU
		Debug|Mixed Platforms = Debug|Mixed Platforms
		Debug|x86 = Debug|x86
		Release|Any CPU = Release|Any CPU
		Release|Mixed Platforms = Release|Mixed Platforms
		Release|x86 = Release|x86
	EndGlobalSection
	GlobalSection(ProjectConfigurationPlatforms) = postSolution
		{7B9B655D-DCE4-4E2F-8DF0-B342135E2EEB}.Debug|Any CPU.ActiveCfg = Debug|x86
		{7B9B655D-DCE4-4E2F-8DF0-B342135E2EEB}.Debug|Mixed Platforms.ActiveCfg = Debug|x86
		{7B9B655D-DCE4-4E2F-8DF0-B342135E2EEB}.Debug|Mixed Platforms.Build.0 = Debug|x86
		{7B9B655D-DCE4-4E2F-8DF0-B342135E2EEB}.Debug|x86.ActiveCfg = Debug|x86
		{7B9B655D-DCE4-4E2F-8DF0-B342135E2EEB}.Debug|x86.Build.0 = Debug|x86
		{7B9B655D-DCE4-4E2F-8DF0-B342135E2EEB}.Release|Any CPU.ActiveCfg = Release|x86
		{7B9B655D-DCE4-4E2F-8DF0-B342135E2EEB}.Release|Mixed Platforms.ActiveCfg = Release|x86
		{7B9B655D-DCE4-4E2F-8DF0-B342135E2EEB}.Release|Mixed Platforms.Build.0 = Release|x86
		{7B9B655D-DCE4-4E2F-8DF0-B342135E2EEB}.Release|x86.ActiveCfg = Release|x86
		{7B9B655D-DCE4-4E2F-8DF0-B342135E2EEB}.Release|x86.Build.0 = Release|x86
		{1C6781D5-A9DE-464A-A9CA-5511525753AE}.Debug|Any CPU.ActiveCfg = Debug|Any CPU
		{1C6781D5-A9DE-464A-A9CA-5511525753AE}.Debug|Any CPU.Build.0 = Debug|Any CPU
		{1C6781D5-A9DE-464A-A9CA-5511525753AE}.Debug|Mixed Platforms.ActiveCfg = Debug|Any CPU
		{1C6781D5-A9DE-464A-A9CA-5511525753AE}.Debug|Mixed Platforms.Build.0 = Debug|Any CPU
		{1C6781D5-A9DE-464A-A9CA-5511525753AE}.Debug|x86.ActiveCfg = Debug|Any CPU
		{1C6781D5-A9DE-464A-A9CA-5511525753AE}.Release|Any CPU.ActiveCfg = Release|Any CPU
		{1C6781D5-A9DE-464A-A9CA-5511525753AE}.Release|Any CPU.Build.0 = Release|Any CPU
		{1C6781D5-A9DE-464A-A9CA-5511525753AE}.Release|Mixed Platforms.ActiveCfg = Release|Any CPU
		{1C6781D5-A9DE-464A-A9CA-5511525753AE}.Release|Mixed Platforms.Build.0 = Release|Any CPU
		{1C6781D5-A9DE-464A-A9CA-5511525753AE}.Release|x86.ActiveCfg = Release|Any CPU
	EndGlobalSection
	GlobalSection(SolutionProperties) = preSolution
		HideSolutionNode = FALSE
	EndGlobalSection
EndGlobal
